
Microsoft Visual Studio Solution File, Format Version 12.00
# Visual Studio Version 17
VisualStudioVersion = 17.14.36221.1 d17.14
MinimumVisualStudioVersion = 10.0.40219.1
Project("{FAE04EC0-301F-11D3-BF4B-00C04F79EFBC}") = "summer practice", "summer practice\summer practice.csproj", "{965D892E-1AA4-4FD8-B5FC-453251122E4D}"
EndProject
Global
	GlobalSection(SolutionConfigurationPlatforms) = preSolution
		Debug|Any CPU = Debug|Any CPU
		Release|Any CPU = Release|Any CPU
	EndGlobalSection
	GlobalSection(ProjectConfigurationPlatforms) = postSolution
		{965D892E-1AA4-4FD8-B5FC-453251122E4D}.Debug|Any CPU.ActiveCfg = Debug|Any CPU
		{965D892E-1AA4-4FD8-B5FC-453251122E4D}.Debug|Any CPU.Build.0 = Debug|Any CPU
		{965D892E-1AA4-4FD8-B5FC-453251122E4D}.Release|Any CPU.ActiveCfg = Release|Any CPU
		{965D892E-1AA4-4FD8-B5FC-453251122E4D}.Release|Any CPU.Build.0 = Release|Any CPU
	EndGlobalSection
	GlobalSection(SolutionProperties) = preSolution
		HideSolutionNode = FALSE
	EndGlobalSection
	GlobalSection(ExtensibilityGlobals) = postSolution
		SolutionGuid = {1EFF0C6F-D4D5-41C0-A0BD-4D4EFBACDEA7}
	EndGlobalSection
EndGlobal
